{
  "requires": true,
  "lockfileVersion": 1,
  "dependencies": {
    "dayjs": {
      "version": "1.8.34",
      "resolved": "https://registry.npmjs.org/dayjs/-/dayjs-1.8.34.tgz",
      "integrity": "sha512-Olb+E6EoMvdPmAMq2QoucuyZycKHjTlBXmRx8Ada+wGtq4SIXuDCdtoaX4KkK0yjf1fJLnwXQURr8gQKWKaybw=="
    }
  }
}
